// !$*UTF8*$!
{
	archiveVersion = 1;
	classes = {
	};
	objectVersion = 46;
	objects = {

/* Begin PBXBuildFile section */
		46A2AF221E2FD07000E11A66 /* AppDelegate.swift in Sources */ = {isa = PBXBuildFile; fileRef = 46A2AF211E2FD07000E11A66 /* AppDelegate.swift */; };
		46A2AF241E2FD07000E11A66 /* ViewController.swift in Sources */ = {isa = PBXBuildFile; fileRef = 46A2AF231E2FD07000E11A66 /* ViewController.swift */; };
		46A2AF271E2FD07000E11A66 /* Main.storyboard in Resources */ = {isa = PBXBuildFile; fileRef = 46A2AF251E2FD07000E11A66 /* Main.storyboard */; };
		46A2AF291E2FD07000E11A66 /* Assets.xcassets in Resources */ = {isa = PBXBuildFile; fileRef = 46A2AF281E2FD07000E11A66 /* Assets.xcassets */; };
		46A2AF2C1E2FD07000E11A66 /* LaunchScreen.storyboard in Resources */ = {isa = PBXBuildFile; fileRef = 46A2AF2A1E2FD07000E11A66 /* LaunchScreen.storyboard */; };
		46A2AF341E2FD0A400E11A66 /* FantasticView.swift in Sources */ = {isa = PBXBuildFile; fileRef = 46A2AF331E2FD0A400E11A66 /* FantasticView.swift */; };
/* End PBXBuildFile section */

/* Begin PBXFileReference section */
		46A2AF1E1E2FD07000E11A66 /* FantasticView.app */ = {isa = PBXFileReference; explicitFileType = wrapper.application; includeInIndex = 0; path = FantasticView.app; sourceTree = BUILT_PRODUCTS_DIR; };
		46A2AF211E2FD07000E11A66 /* AppDelegate.swift */ = {isa = PBXFileReference; lastKnownFileType = sourcecode.swift; path = AppDelegate.swift; sourceTree = "<group>"; };
		46A2AF231E2FD07000E11A66 /* ViewController.swift */ = {isa = PBXFileReference; lastKnownFileType = sourcecode.swift; path = ViewController.swift; sourceTree = "<group>"; };
		46A2AF261E2FD07000E11A66 /* Base */ = {isa = PBXFileReference; lastKnownFileType = file.storyboard; name = Base; path = Base.lproj/Main.storyboard; sourceTree = "<group>"; };
		46A2AF281E2FD07000E11A66 /* Assets.xcassets */ = {isa = PBXFileReference; lastKnownFileType = folder.assetcatalog; path = Assets.xcassets; sourceTree = "<group>"; };
		46A2AF2B1E2FD07000E11A66 /* Base */ = {isa = PBXFileReference; lastKnownFileType = file.storyboard; name = Base; path = Base.lproj/LaunchScreen.storyboard; sourceTree = "<group>"; };
		46A2AF2D1E2FD07000E11A66 /* Info.plist */ = {isa = PBXFileReference; lastKnownFileType = text.plist.xml; path = Info.plist; sourceTree = "<group>"; };
		46A2AF331E2FD0A400E11A66 /* FantasticView.swift */ = {isa = PBXFileReference; fileEncoding = 4; lastKnownFileType = sourcecode.swift; path = FantasticView.swift; sourceTree = "<group>"; };
/* End PBXFileReference section */

/* Begin PBXFrameworksBuildPhase section */
		46A2AF1B1E2FD07000E11A66 /* Frameworks */ = {
			isa = PBXFrameworksBuildPhase;
			buildActionMask = 2147483647;
			files = (
			);
			runOnlyForDeploymentPostprocessing = 0;
		};
/* End PBXFrameworksBuildPhase section */

/* Begin PBXGroup section */
		46A2AF151E2FD07000E11A66 = {
			isa = PBXGroup;
			children = (
				46A2AF201E2FD07000E11A66 /* FantasticView */,
				46A2AF1F1E2FD07000E11A66 /* Products */,
			);
			sourceTree = "<group>";
		};
		46A2AF1F1E2FD07000E11A66 /* Products */ = {
			isa = PBXGroup;
			children = (
				46A2AF1E1E2FD07000E11A66 /* FantasticView.app */,
			);
			name = Products;
			sourceTree = "<group>";
		};
		46A2AF201E2FD07000E11A66 /* FantasticView */ = {
			isa = PBXGroup;
			children = (
				46A2AF211E2FD07000E11A66 /* AppDelegate.swift */,
				46A2AF231E2FD07000E11A66 /* ViewController.swift */,
				46A2AF251E2FD07000E11A66 /* Main.storyboard */,
				46A2AF281E2FD07000E11A66 /* Assets.xcassets */,
				46A2AF2A1E2FD07000E11A66 /* LaunchScreen.storyboard */,
				46A2AF2D1E2FD07000E11A66 /* Info.plist */,
				46A2AF331E2FD0A400E11A66 /* FantasticView.swift */,
			);
			path = FantasticView;
			sourceTree = "<group>";
		};
/* End PBXGroup section */

/* Begin PBXNativeTarget section */
		46A2AF1D1E2FD07000E11A66 /* FantasticView */ = {
			isa = PBXNativeTarget;
			buildConfigurationList = 46A2AF301E2FD07000E11A66 /* Build configuration list for PBXNativeTarget "FantasticView" */;
			buildPhases = (
				46A2AF1A1E2FD07000E11A66 /* Sources */,
				46A2AF1B1E2FD07000E11A66 /* Frameworks */,
				46A2AF1C1E2FD07000E11A66 /* Resources */,
			);
			buildRules = (
			);
			dependencies = (
			);
			name = FantasticView;
			productName = FantasticView;
			productReference = 46A2AF1E1E2FD07000E11A66 /* FantasticView.app */;
			productType = "com.apple.product-type.application";
		};
/* End PBXNativeTarget section */

/* Begin PBXProject section */
		46A2AF161E2FD07000E11A66 /* Project object */ = {
			isa = PBXProject;
			attributes = {
				LastSwiftUpdateCheck = 0820;
				LastUpgradeCheck = 0820;
				ORGANIZATIONNAME = Abhishek;
				TargetAttributes = {
					46A2AF1D1E2FD07000E11A66 = {
						CreatedOnToolsVersion = 8.2;
						DevelopmentTeam = B7WEJBD5L5;
						ProvisioningStyle = Automatic;
					};
				};
			};
			buildConfigurationList = 46A2AF191E2FD07000E11A66 /* Build configuration list for PBXProject "FantasticView" */;
			compatibilityVersion = "Xcode 3.2";
			developmentRegion = English;
			hasScannedForEncodings = 0;
			knownRegions = (
				en,
				Base,
			);
			mainGroup = 46A2AF151E2FD07000E11A66;
			productRefGroup = 46A2AF1F1E2FD07000E11A66 /* Products */;
			projectDirPath = "";
			projectRoot = "";
			targets = (
				46A2AF1D1E2FD07000E11A66 /* FantasticView */,
			);
		};
/* End PBXProject section */

/* Begin PBXResourcesBuildPhase section */
		46A2AF1C1E2FD07000E11A66 /* Resources */ = {
			isa = PBXResourcesBuildPhase;
			buildActionMask = 2147483647;
			files = (
				46A2AF2C1E2FD07000E11A66 /* LaunchScreen.storyboard in Resources */,
				46A2AF291E2FD07000E11A66 /* Assets.xcassets in Resources */,
				46A2AF271E2FD07000E11A66 /* Main.storyboard in Resources */,
			);
			runOnlyForDeploymentPostprocessing = 0;
		};
/* End PBXResourcesBuildPhase section */

/* Begin PBXSourcesBuildPhase section */
		46A2AF1A1E2FD07000E11A66 /* Sources */ = {
			isa = PBXSourcesBuildPhase;
			buildActionMask = 2147483647;
			files = (
				46A2AF241E2FD07000E11A66 /* ViewController.swift in Sources */,
				46A2AF221E2FD07000E11A66 /* AppDelegate.swift in Sources */,
				46A2AF341E2FD0A400E11A66 /* FantasticView.swift in Sources */,
			);
			runOnlyForDeploymentPostprocessing = 0;
		};
/* End PBXSourcesBuildPhase section */

/* Begin PBXVariantGroup section */
		46A2AF251E2FD07000E11A66 /* Main.storyboard */ = {
			isa = PBXVariantGroup;
			children = (
				46A2AF261E2FD07000E11A66 /* Base */,
			);
			name = Main.storyboard;
			sourceTree = "<group>";
		};
		46A2AF2A1E2FD07000E11A66 /* LaunchScreen.storyboard */ = {
			isa = PBXVariantGroup;
			children = (
				46A2AF2B1E2FD07000E11A66 /* Base */,
			);
			name = LaunchScreen.storyboard;
			sourceTree = "<group>";
		};
/* End PBXVariantGroup section */

/* Begin XCBuildConfiguration section */
		46A2AF2E1E2FD07000E11A66 /* Debug */ = {
			isa = XCBuildConfiguration;
			buildSettings = {
				ALWAYS_SEARCH_USER_PATHS = NO;
				CLANG_ANALYZER_NONNULL = YES;
				CLANG_CXX_LANGUAGE_STANDARD = "gnu++0x";
				CLANG_CXX_LIBRARY = "libc++";
				CLANG_ENABLE_MODULES = YES;
				CLANG_ENABLE_OBJC_ARC = YES;
				CLANG_WARN_BOOL_CONVERSION = YES;
				CLANG_WARN_CONSTANT_CONVERSION = YES;
				CLANG_WARN_DIRECT_OBJC_ISA_USAGE = YES_ERROR;
				CLANG_WARN_DOCUMENTATION_COMMENTS = YES;
				CLANG_WARN_EMPTY_BODY = YES;
				CLANG_WARN_ENUM_CONVERSION = YES;
				CLANG_WARN_INFINITE_RECURSION = YES;
				CLANG_WARN_INT_CONVERSION = YES;
				CLANG_WARN_OBJC_ROOT_CLASS = YES_ERROR;
				CLANG_WARN_SUSPICIOUS_MOVE = YES;
				CLANG_WARN_UNREACHABLE_CODE = YES;
				CLANG_WARN__DUPLICATE_METHOD_MATCH = YES;
				"CODE_SIGN_IDENTITY[sdk=iphoneos*]" = "iPhone Developer";
				COPY_PHASE_STRIP = NO;
				DEBUG_INFORMATION_FORMAT = dwarf;
				ENABLE_STRICT_OBJC_MSGSEND = YES;
				ENABLE_TESTABILITY = YES;
				GCC_C_LANGUAGE_STANDARD = gnu99;
				GCC_DYNAMIC_NO_PIC = NO;
				GCC_NO_COMMON_BLOCKS = YES;
				GCC_OPTIMIZATION_LEVEL = 0;
				GCC_PREPROCESSOR_DEFINITIONS = (
					"DEBUG=1",
					"$(inherited)",
				);
				GCC_WARN_64_TO_32_BIT_CONVERSION = YES;
				GCC_WARN_ABOUT_RETURN_TYPE = YES_ERROR;
				GCC_WARN_UNDECLARED_SELECTOR = YES;
				GCC_WARN_UNINITIALIZED_AUTOS = YES_AGGRESSIVE;
				GCC_WARN_UNUSED_FUNCTION = YES;
				GCC_WARN_UNUSED_VARIABLE = YES;
				IPHONEOS_DEPLOYMENT_TARGET = 10.2;
				MTL_ENABLE_DEBUG_INFO = YES;
				ONLY_ACTIVE_ARCH = YES;
				SDKROOT = iphoneos;
				SWIFT_ACTIVE_COMPILATION_CONDITIONS = DEBUG;
				SWIFT_OPTIMIZATION_LEVEL = "-Onone";
				TARGETED_DEVICE_FAMILY = "1,2";
			};
			name = Debug;
		};
		46A2AF2F1E2FD07000E11A66 /* Release */ = {
			isa = XCBuildConfiguration;
			buildSettings = {
				ALWAYS_SEARCH_USER_PATHS = NO;
				CLANG_ANALYZER_NONNULL = YES;
				CLANG_CXX_LANGUAGE_STANDARD = "gnu++0x";
				CLANG_CXX_LIBRARY = "libc++";
				CLANG_ENABLE_MODULES = YES;
				CLANG_ENABLE_OBJC_ARC = YES;
				CLANG_WARN_BOOL_CONVERSION = YES;
				CLANG_WARN_CONSTANT_CONVERSION = YES;
				CLANG_WARN_DIRECT_OBJC_ISA_USAGE = YES_ERROR;
				CLANG_WARN_DOCUMENTATION_COMMENTS = YES;
				CLANG_WARN_EMPTY_BODY = YES;
				CLANG_WARN_ENUM_CONVERSION = YES;
				CLANG_WARN_INFINITE_RECURSION = YES;
				CLANG_WARN_INT_CONVERSION = YES;
				CLANG_WARN_OBJC_ROOT_CLASS = YES_ERROR;
				CLANG_WARN_SUSPICIOUS_MOVE = YES;
				CLANG_WARN_UNREACHABLE_CODE = YES;
				CLANG_WARN__DUPLICATE_METHOD_MATCH = YES;
				"CODE_SIGN_IDENTITY[sdk=iphoneos*]" = "iPhone Developer";
				COPY_PHASE_STRIP = NO;
				DEBUG_INFORMATION_FORMAT = "dwarf-with-dsym";
				ENABLE_NS_ASSERTIONS = NO;
				ENABLE_STRICT_OBJC_MSGSEND = YES;
				GCC_C_LANGUAGE_STANDARD = gnu99;
				GCC_NO_COMMON_BLOCKS = YES;
				GCC_WARN_64_TO_32_BIT_CONVERSION = YES;
				GCC_WARN_ABOUT_RETURN_TYPE = YES_ERROR;
				GCC_WARN_UNDECLARED_SELECTOR = YES;
				GCC_WARN_UNINITIALIZED_AUTOS = YES_AGGRESSIVE;
				GCC_WARN_UNUSED_FUNCTION = YES;
				GCC_WARN_UNUSED_VARIABLE = YES;
				IPHONEOS_DEPLOYMENT_TARGET = 10.2;
				MTL_ENABLE_DEBUG_INFO = NO;
				SDKROOT = iphoneos;
				SWIFT_OPTIMIZATION_LEVEL = "-Owholemodule";
				TARGETED_DEVICE_FAMILY = "1,2";
				VALIDATE_PRODUCT = YES;
			};
			name = Release;
		};
		46A2AF311E2FD07000E11A66 /* Debug */ = {
			isa = XCBuildConfiguration;
			buildSettings = {
				ASSETCATALOG_COMPILER_APPICON_NAME = AppIcon;
				DEVELOPMENT_TEAM = B7WEJBD5L5;
				INFOPLIST_FILE = FantasticView/Info.plist;
				LD_RUNPATH_SEARCH_PATHS = "$(inherited) @executable_path/Frameworks";
				PRODUCT_BUNDLE_IDENTIFIER = com.ct.FantasticView;
				PRODUCT_NAME = "$(TARGET_NAME)";
				SWIFT_VERSION = 3.0;
			};
			name = Debug;
		};
		46A2AF321E2FD07000E11A66 /* Release */ = {
			isa = XCBuildConfiguration;
			buildSettings = {
				ASSETCATALOG_COMPILER_APPICON_NAME = AppIcon;
				DEVELOPMENT_TEAM = B7WEJBD5L5;
				INFOPLIST_FILE = FantasticView/Info.plist;
				LD_RUNPATH_SEARCH_PATHS = "$(inherited) @executable_path/Frameworks";
				PRODUCT_BUNDLE_IDENTIFIER = com.ct.FantasticView;
				PRODUCT_NAME = "$(TARGET_NAME)";
				SWIFT_VERSION = 3.0;
			};
			name = Release;
		};
/* End XCBuildConfiguration section */

/* Begin XCConfigurationList section */
		46A2AF191E2FD07000E11A66 /* Build configuration list for PBXProject "FantasticView" */ = {
			isa = XCConfigurationList;
			buildConfigurations = (
				46A2AF2E1E2FD07000E11A66 /* Debug */,
				46A2AF2F1E2FD07000E11A66 /* Release */,
			);
			defaultConfigurationIsVisible = 0;
			defaultConfigurationName = Release;
		};
		46A2AF301E2FD07000E11A66 /* Build configuration list for PBXNativeTarget "FantasticView" */ = {
			isa = XCConfigurationList;
			buildConfigurations = (
				46A2AF311E2FD07000E11A66 /* Debug */,
				46A2AF321E2FD07000E11A66 /* Release */,
			);
			defaultConfigurationIsVisible = 0;
		};
/* End XCConfigurationList section */
	};
	rootObject = 46A2AF161E2FD07000E11A66 /* Project object */;
}
